
Microsoft Visual Studio Solution File, Format Version 12.00
# Visual Studio Version 16
VisualStudioVersion = 16.0.30320.27
MinimumVisualStudioVersion = 10.0.40219.1
Project("{FAE04EC0-301F-11D3-BF4B-00C04F79EFBC}") = "OrderProject", "OrderProject.csproj", "{C919CB2F-E700-4DAE-828B-D4C0C21E1C8F}"
EndProject
Global
	GlobalSection(SolutionConfigurationPlatforms) = preSolution
		Debug|Any CPU = Debug|Any CPU
		Release|Any CPU = Release|Any CPU
	EndGlobalSection
	GlobalSection(ProjectConfigurationPlatforms) = postSolution
		{C919CB2F-E700-4DAE-828B-D4C0C21E1C8F}.Debug|Any CPU.ActiveCfg = Debug|Any CPU
		{C919CB2F-E700-4DAE-828B-D4C0C21E1C8F}.Debug|Any CPU.Build.0 = Debug|Any CPU
		{C919CB2F-E700-4DAE-828B-D4C0C21E1C8F}.Release|Any CPU.ActiveCfg = Release|Any CPU
		{C919CB2F-E700-4DAE-828B-D4C0C21E1C8F}.Release|Any CPU.Build.0 = Release|Any CPU
	EndGlobalSection
	GlobalSection(SolutionProperties) = preSolution
		HideSolutionNode = FALSE
	EndGlobalSection
	GlobalSection(ExtensibilityGlobals) = postSolution
		SolutionGuid = {4D12C14D-54A4-4048-9292-63232B190647}
	EndGlobalSection
EndGlobal
